# @generated - this file is auto-generated by `mise lock` https://mise.jdx.dev/dev-tools/mise-lock.html

lockfile_version = 1

[[tools.communique]]
version = "1.4.2"
backend = "packslip:github.com/jdx/communique"
specifiers = ["latest"]

[tools.communique."platforms.linux-arm64"]
checksum = "sha256:30199c0eeb0ff3214af9f25444eefbfa4b0e63ca5a6a76b84fee15ae36cd190e"
url = "https://github.com/jdx/communique/releases/download/v1.4.2/communique-aarch64-unknown-linux-gnu.tar.gz"
signer = "sigstore-oidc:https://github.com/jdx/communique/.github/workflows/release.yml"

[tools.communique."platforms.linux-arm64-musl"]
checksum = "sha256:ae0dfd79940e13b5b49a7bb00c34799c44a54062651e27e8ea39a23c2049fdac"
url = "https://github.com/jdx/communique/releases/download/v1.4.2/communique-aarch64-unknown-linux-musl.tar.gz"
signer = "sigstore-oidc:https://github.com/jdx/communique/.github/workflows/release.yml"

[tools.communique."platforms.linux-x64"]
checksum = "sha256:522e205e23c0ea7bb6752cf9eb22d8a16cf973ae3d7b807a91d826195d3edcdc"
url = "https://github.com/jdx/communique/releases/download/v1.4.2/communique-x86_64-unknown-linux-gnu.tar.gz"
signer = "sigstore-oidc:https://github.com/jdx/communique/.github/workflows/release.yml"

[tools.communique."platforms.linux-x64-musl"]
checksum = "sha256:d1f8c3abfe5041de1325d8f74d67c03473f05bb7343bb49ec534a108e4035dcc"
url = "https://github.com/jdx/communique/releases/download/v1.4.2/communique-x86_64-unknown-linux-musl.tar.gz"
signer = "sigstore-oidc:https://github.com/jdx/communique/.github/workflows/release.yml"

[tools.communique."platforms.macos-arm64"]
checksum = "sha256:e1327dc94074bddb5f1d66d2057ed0754766ac0a54656aa74260b6f24b594bf4"
url = "https://github.com/jdx/communique/releases/download/v1.4.2/communique-aarch64-apple-darwin.tar.gz"
signer = "sigstore-oidc:https://github.com/jdx/communique/.github/workflows/release.yml"

[tools.communique."platforms.windows-x64"]
checksum = "sha256:0d7b9a528a60584513460154b50a43d2eaa0b0218089ef5720c020367ea6c958"
url = "https://github.com/jdx/communique/releases/download/v1.4.2/communique-x86_64-pc-windows-msvc.zip"
signer = "sigstore-oidc:https://github.com/jdx/communique/.github/workflows/release.yml"

[[tools.hugo]]
version = "0.166.0"
backend = "aqua:gohugoio/hugo"
specifiers = ["0.166.0"]

[tools.hugo."platforms.linux-arm64"]
checksum = "sha256:0e15cbc595e799401698c11af39d2594b64292b39d9ec7a19665bd43e05fcb2c"
url = "https://github.com/gohugoio/hugo/releases/download/v0.166.0/hugo_0.166.0_linux-arm64.tar.gz"
url_api = "https://api.github.com/repos/gohugoio/hugo/releases/assets/552998646"

[tools.hugo."platforms.linux-arm64-musl"]
checksum = "sha256:0e15cbc595e799401698c11af39d2594b64292b39d9ec7a19665bd43e05fcb2c"
url = "https://github.com/gohugoio/hugo/releases/download/v0.166.0/hugo_0.166.0_linux-arm64.tar.gz"
url_api = "https://api.github.com/repos/gohugoio/hugo/releases/assets/552998646"

[tools.hugo."platforms.linux-x64"]
checksum = "sha256:45228f5a52eb118b0ca168068f01d7df0447314a24056f1d29667ed9fc368308"
url = "https://github.com/gohugoio/hugo/releases/download/v0.166.0/hugo_0.166.0_linux-amd64.tar.gz"
url_api = "https://api.github.com/repos/gohugoio/hugo/releases/assets/552998645"

[tools.hugo."platforms.linux-x64-musl"]
checksum = "sha256:45228f5a52eb118b0ca168068f01d7df0447314a24056f1d29667ed9fc368308"
url = "https://github.com/gohugoio/hugo/releases/download/v0.166.0/hugo_0.166.0_linux-amd64.tar.gz"
url_api = "https://api.github.com/repos/gohugoio/hugo/releases/assets/552998645"

[tools.hugo."platforms.macos-arm64"]
checksum = "sha256:387c90d4cc3fa4add9949db0304c1db52175a2e939a77353e2809da15722b5a6"
url = "https://github.com/gohugoio/hugo/releases/download/v0.166.0/hugo_0.166.0_darwin-universal.pkg"
url_api = "https://api.github.com/repos/gohugoio/hugo/releases/assets/552998779"

[tools.hugo."platforms.windows-x64"]
checksum = "sha256:e572364734bd5ead5f8c38d4ac99ea30d3deface89d0a47528aabcdec6800725"
url = "https://github.com/gohugoio/hugo/releases/download/v0.166.0/hugo_0.166.0_windows-amd64.zip"
url_api = "https://api.github.com/repos/gohugoio/hugo/releases/assets/552998804"

[[tools.mr-boxington]]
version = "1.14.0"
backend = "packslip:github.com/jdx/mr-boxington"
specifiers = ["1.14.0"]

[tools.mr-boxington."platforms.linux-arm64"]
checksum = "sha256:fdf7965e886e25b2a34cefcc1a0b685159a0ee66002f58b720a0e29b5901fee8"
url = "https://github.com/jdx/mr-boxington/releases/download/v1.14.0/mbx-aarch64-unknown-linux-gnu.tar.gz"
signer = "sigstore-oidc:https://github.com/jdx/mr-boxington/.github/workflows/release.yml"

[tools.mr-boxington."platforms.linux-arm64-musl"]
checksum = "sha256:bdb15ae0cc6a124e770a53ec52ac08f6da0cc574efe4dc7f787884ead8da35f5"
url = "https://github.com/jdx/mr-boxington/releases/download/v1.14.0/mbx-aarch64-unknown-linux-musl.tar.gz"
signer = "sigstore-oidc:https://github.com/jdx/mr-boxington/.github/workflows/release.yml"

[tools.mr-boxington."platforms.linux-x64"]
checksum = "sha256:fc32cc431a9e022519b16348962f99ca84626ff25196bc11e61cb05df66fb069"
url = "https://github.com/jdx/mr-boxington/releases/download/v1.14.0/mbx-x86_64-unknown-linux-gnu.tar.gz"
signer = "sigstore-oidc:https://github.com/jdx/mr-boxington/.github/workflows/release.yml"

[tools.mr-boxington."platforms.linux-x64-musl"]
checksum = "sha256:e048e5ae5957fe18506e1dafd149e881fe373c9e1c0d3ad7a94a54149420ccbb"
url = "https://github.com/jdx/mr-boxington/releases/download/v1.14.0/mbx-x86_64-unknown-linux-musl.tar.gz"
signer = "sigstore-oidc:https://github.com/jdx/mr-boxington/.github/workflows/release.yml"

[tools.mr-boxington."platforms.macos-arm64"]
checksum = "sha256:ff743aad797d198c9381d36ff3c4f49e6a2601832f7bdf8cccdb34106e5385cd"
url = "https://github.com/jdx/mr-boxington/releases/download/v1.14.0/mbx-aarch64-apple-darwin.tar.gz"
signer = "sigstore-oidc:https://github.com/jdx/mr-boxington/.github/workflows/release.yml"

[tools.mr-boxington."platforms.windows-x64"]
checksum = "sha256:5d102168bd30ac480da37b663edde883501aee4778bd757a547773d36cbcabfe"
url = "https://github.com/jdx/mr-boxington/releases/download/v1.14.0/mbx-x86_64-pc-windows-msvc.zip"
signer = "sigstore-oidc:https://github.com/jdx/mr-boxington/.github/workflows/release.yml"

[[tools.shellcheck]]
version = "0.11.0"
backend = "aqua:koalaman/shellcheck"
specifiers = ["0.11.0"]

[tools.shellcheck."platforms.linux-arm64"]
checksum = "sha256:12b331c1d2db6b9eb13cfca64306b1b157a86eb69db83023e261eaa7e7c14588"
url = "https://github.com/koalaman/shellcheck/releases/download/v0.11.0/shellcheck-v0.11.0.linux.aarch64.tar.xz"
url_api = "https://api.github.com/repos/koalaman/shellcheck/releases/assets/279056934"

[tools.shellcheck."platforms.linux-arm64-musl"]
checksum = "sha256:12b331c1d2db6b9eb13cfca64306b1b157a86eb69db83023e261eaa7e7c14588"
url = "https://github.com/koalaman/shellcheck/releases/download/v0.11.0/shellcheck-v0.11.0.linux.aarch64.tar.xz"
url_api = "https://api.github.com/repos/koalaman/shellcheck/releases/assets/279056934"

[tools.shellcheck."platforms.linux-x64"]
checksum = "sha256:8c3be12b05d5c177a04c29e3c78ce89ac86f1595681cab149b65b97c4e227198"
url = "https://github.com/koalaman/shellcheck/releases/download/v0.11.0/shellcheck-v0.11.0.linux.x86_64.tar.xz"
url_api = "https://api.github.com/repos/koalaman/shellcheck/releases/assets/279056942"

[tools.shellcheck."platforms.linux-x64-musl"]
checksum = "sha256:8c3be12b05d5c177a04c29e3c78ce89ac86f1595681cab149b65b97c4e227198"
url = "https://github.com/koalaman/shellcheck/releases/download/v0.11.0/shellcheck-v0.11.0.linux.x86_64.tar.xz"
url_api = "https://api.github.com/repos/koalaman/shellcheck/releases/assets/279056942"

[tools.shellcheck."platforms.macos-arm64"]
checksum = "sha256:56affdd8de5527894dca6dc3d7e0a99a873b0f004d7aabc30ae407d3f48b0a79"
url = "https://github.com/koalaman/shellcheck/releases/download/v0.11.0/shellcheck-v0.11.0.darwin.aarch64.tar.xz"
url_api = "https://api.github.com/repos/koalaman/shellcheck/releases/assets/279056932"

[tools.shellcheck."platforms.windows-x64"]
checksum = "sha256:8a4e35ab0b331c85d73567b12f2a444df187f483e5079ceffa6bda1faa2e740e"
url = "https://github.com/koalaman/shellcheck/releases/download/v0.11.0/shellcheck-v0.11.0.zip"
url_api = "https://api.github.com/repos/koalaman/shellcheck/releases/assets/279056944"

[[tools.usage]]
version = "6.11.0"
backend = "packslip:github.com/jdx/usage"
specifiers = ["6.11.0"]

[tools.usage."platforms.linux-arm64"]
checksum = "sha256:84fae7251a458d804d1b574ce2b46f483fa5859b773c4a8c5012d9d86c68e7c4"
url = "https://github.com/jdx/usage/releases/download/v6.11.0/usage-aarch64-unknown-linux-gnu.tar.gz"
signer = "sigstore-oidc:https://github.com/jdx/usage/.github/workflows/publish-cli.yml"

[tools.usage."platforms.linux-arm64-musl"]
checksum = "sha256:e52a21f240c58890265e9c74f75e2d329f68220159abcf51aee0ef33f37e4990"
url = "https://github.com/jdx/usage/releases/download/v6.11.0/usage-aarch64-unknown-linux-musl.tar.gz"
signer = "sigstore-oidc:https://github.com/jdx/usage/.github/workflows/publish-cli.yml"

[tools.usage."platforms.linux-x64"]
checksum = "sha256:2ebc293d1645a80e3b7c4d87cd2cca35d34c6582733260fe1d13e537bb3d1e2e"
url = "https://github.com/jdx/usage/releases/download/v6.11.0/usage-x86_64-unknown-linux-gnu.tar.gz"
signer = "sigstore-oidc:https://github.com/jdx/usage/.github/workflows/publish-cli.yml"

[tools.usage."platforms.linux-x64-musl"]
checksum = "sha256:bbc05d7cf1e3f5d7f00bf97217e910898b6914283e5a0cd8c2224c4ce3c49f31"
url = "https://github.com/jdx/usage/releases/download/v6.11.0/usage-x86_64-unknown-linux-musl.tar.gz"
signer = "sigstore-oidc:https://github.com/jdx/usage/.github/workflows/publish-cli.yml"

[tools.usage."platforms.macos-arm64"]
checksum = "sha256:0277664d5a7f615ec427cfc312e175684f027bf69e43e76964f086aaf5e51d3f"
url = "https://github.com/jdx/usage/releases/download/v6.11.0/usage-universal-apple-darwin.tar.gz"
signer = "sigstore-oidc:https://github.com/jdx/usage/.github/workflows/publish-cli.yml"

[tools.usage."platforms.windows-x64"]
checksum = "sha256:49f78fdeb1678986a89fabffc10b9e01c1dee4d3f8f001cd245af0471df9d9be"
url = "https://github.com/jdx/usage/releases/download/v6.11.0/usage-x86_64-pc-windows-msvc.zip"
signer = "sigstore-oidc:https://github.com/jdx/usage/.github/workflows/publish-cli.yml"
