# @generated - this file is auto-generated by `mise lock` https://mise.jdx.dev/dev-tools/mise-lock.html

lockfile_version = 1

[[tools.communique]]
version = "1.3.3"
backend = "github:jdx/communique"
specifiers = ["latest"]

[tools.communique."platforms.linux-arm64"]
checksum = "sha256:7575418a89344d4eedd53b0c60725a1d3d53cf0797ede2220ab55802419a2579"
url = "https://github.com/jdx/communique/releases/download/v1.3.3/communique-aarch64-unknown-linux-gnu.tar.gz"
url_api = "https://api.github.com/repos/jdx/communique/releases/assets/531234410"
provenance = "github-attestations"

[tools.communique."platforms.linux-arm64-musl"]
checksum = "sha256:239c3a492250daf94e411203153b18f8824444f722010f243a7e97f0c54d5695"
url = "https://github.com/jdx/communique/releases/download/v1.3.3/communique-aarch64-unknown-linux-musl.tar.gz"
url_api = "https://api.github.com/repos/jdx/communique/releases/assets/531229028"
provenance = "github-attestations"

[tools.communique."platforms.linux-x64"]
checksum = "sha256:7cc798519f8807e7bbde8985191bb0645b1e086b72cd3b190d03e4e683056d65"
url = "https://github.com/jdx/communique/releases/download/v1.3.3/communique-x86_64-unknown-linux-gnu.tar.gz"
url_api = "https://api.github.com/repos/jdx/communique/releases/assets/531231631"
provenance = "github-attestations"
provenance_verified = true

[tools.communique."platforms.linux-x64-musl"]
checksum = "sha256:5a9f0f7218cc67deaa43c59654d9f67116a6eff14ad4d4f9133a25b8b96aca36"
url = "https://github.com/jdx/communique/releases/download/v1.3.3/communique-x86_64-unknown-linux-musl.tar.gz"
url_api = "https://api.github.com/repos/jdx/communique/releases/assets/531227585"
provenance = "github-attestations"

[tools.communique."platforms.macos-arm64"]
checksum = "sha256:42ca1a146b3e0df2b808d8a679535c69ac8d622e608525244028287705a53336"
url = "https://github.com/jdx/communique/releases/download/v1.3.3/communique-aarch64-apple-darwin.tar.gz"
url_api = "https://api.github.com/repos/jdx/communique/releases/assets/531229140"
provenance = "github-attestations"

[tools.communique."platforms.windows-x64"]
checksum = "sha256:45d423ab050f4869ce1f69160af7adb5bdb285464d4916c2830722c578995e17"
url = "https://github.com/jdx/communique/releases/download/v1.3.3/communique-x86_64-pc-windows-msvc.zip"
url_api = "https://api.github.com/repos/jdx/communique/releases/assets/531231389"
provenance = "github-attestations"
